
Microsoft Visual Studio Solution File, Format Version 12.00
# Visual Studio Version 17
VisualStudioVersion = 17.11.35208.52
MinimumVisualStudioVersion = 10.0.40219.1
Project("{FAE04EC0-301F-11D3-BF4B-00C04F79EFBC}") = "xmlParse", "xmlParse\xmlParse.csproj", "{AE0C90A1-C38E-4F75-833D-29A508FF48B7}"
EndProject
Global
	GlobalSection(SolutionConfigurationPlatforms) = preSolution
		Debug|Any CPU = Debug|Any CPU
		Release|Any CPU = Release|Any CPU
	EndGlobalSection
	GlobalSection(ProjectConfigurationPlatforms) = postSolution
		{AE0C90A1-C38E-4F75-833D-29A508FF48B7}.Debug|Any CPU.ActiveCfg = Debug|Any CPU
		{AE0C90A1-C38E-4F75-833D-29A508FF48B7}.Debug|Any CPU.Build.0 = Debug|Any CPU
		{AE0C90A1-C38E-4F75-833D-29A508FF48B7}.Release|Any CPU.ActiveCfg = Release|Any CPU
		{AE0C90A1-C38E-4F75-833D-29A508FF48B7}.Release|Any CPU.Build.0 = Release|Any CPU
	EndGlobalSection
	GlobalSection(SolutionProperties) = preSolution
		HideSolutionNode = FALSE
	EndGlobalSection
	GlobalSection(ExtensibilityGlobals) = postSolution
		SolutionGuid = {5B90EED7-8BEA-498D-B36C-1096D254BC04}
	EndGlobalSection
EndGlobal
